# THIS IS AN AUTOGENERATED FILE. DO NOT EDIT THIS FILE DIRECTLY.
# yarn lockfile v1


"@babel/helper-validator-identifier@^7.14.0":
  version "7.14.0"
  resolved "https://registry.nlark.com/@babel/helper-validator-identifier/download/@babel/helper-validator-identifier-7.14.0.tgz?cache=0&sync_timestamp=1619727388937&other_urls=https%3A%2F%2Fregistry.nlark.com%2F%40babel%2Fhelper-validator-identifier%2Fdownload%2F%40babel%2Fhelper-validator-identifier-7.14.0.tgz#d26cad8a47c65286b15df1547319a5d0bcf27288"
  integrity sha1-0mytikfGUoaxXfFUcxml0Lzycog=

"@babel/parser@^7.14.4":
  version "7.14.4"
  resolved "https://registry.nlark.com/@babel/parser/download/@babel/parser-7.14.4.tgz#a5c560d6db6cd8e6ed342368dea8039232cbab18"
  integrity sha1-pcVg1tts2ObtNCNo3qgDkjLLqxg=

"@babel/types@^7.14.4":
  version "7.14.4"
  resolved "https://registry.nlark.com/@babel/types/download/@babel/types-7.14.4.tgz#bfd6980108168593b38b3eb48a24aa026b919bc0"
  integrity sha1-v9aYAQgWhZOziz60iiSqAmuRm8A=
  dependencies:
    "@babel/helper-validator-identifier" "^7.14.0"
    to-fast-properties "^2.0.0"

to-fast-properties@^2.0.0:
  version "2.0.0"
  resolved "https://registry.npm.taobao.org/to-fast-properties/download/to-fast-properties-2.0.0.tgz#dc5e698cbd079265bc73e0377681a4e4e83f616e"
  integrity sha1-3F5pjL0HkmW8c+A3doGk5Og/YW4=

typescript@^4.3.2:
  version "4.3.2"
  resolved "https://registry.nlark.com/typescript/download/typescript-4.3.2.tgz?cache=0&other_urls=https%3A%2F%2Fregistry.nlark.com%2Ftypescript%2Fdownload%2Ftypescript-4.3.2.tgz#399ab18aac45802d6f2498de5054fcbbe716a805"
  integrity sha1-OZqxiqxFgC1vJJjeUFT8u+cWqAU=
